
Microsoft Visual Studio Solution File, Format Version 12.00
Project("{FAE04EC0-301F-11D3-BF4B-00C04F79EFBC}") = "WebStoreUIApp", "WebStoreUIApp\WebStoreUIApp\WebStoreUIApp.csproj", "{943F3033-5878-40C0-AB53-1A2B9BF1B11D}"
EndProject
Project("{FAE04EC0-301F-11D3-BF4B-00C04F79EFBC}") = "WebStoreUIApp.Android", "WebStoreUIApp\WebStoreUIApp.Android\WebStoreUIApp.Android.csproj", "{A7ABA532-8D78-4F0A-8A81-65315B036038}"
EndProject
Project("{FAE04EC0-301F-11D3-BF4B-00C04F79EFBC}") = "WebStoreUIApp.iOS", "WebStoreUIApp\WebStoreUIApp.iOS\WebStoreUIApp.iOS.csproj", "{8B163988-7830-41F1-AA2F-9715BCEDFA16}"
EndProject
Global
	GlobalSection(SolutionConfigurationPlatforms) = preSolution
		Ad-Hoc|iPhone = Ad-Hoc|iPhone
		AppStore|iPhone = AppStore|iPhone
		Debug|Any CPU = Debug|Any CPU
		Debug|iPhone = Debug|iPhone
		Debug|iPhoneSimulator = Debug|iPhoneSimulator
		Release|Any CPU = Release|Any CPU
		Release|iPhone = Release|iPhone
		Release|iPhoneSimulator = Release|iPhoneSimulator
	EndGlobalSection
	GlobalSection(ProjectConfigurationPlatforms) = postSolution
		{943F3033-5878-40C0-AB53-1A2B9BF1B11D}.Ad-Hoc|iPhone.ActiveCfg = Debug|Any CPU
		{943F3033-5878-40C0-AB53-1A2B9BF1B11D}.Ad-Hoc|iPhone.Build.0 = Debug|Any CPU
		{943F3033-5878-40C0-AB53-1A2B9BF1B11D}.AppStore|iPhone.ActiveCfg = Debug|Any CPU
		{943F3033-5878-40C0-AB53-1A2B9BF1B11D}.AppStore|iPhone.Build.0 = Debug|Any CPU
		{943F3033-5878-40C0-AB53-1A2B9BF1B11D}.Debug|Any CPU.ActiveCfg = Debug|Any CPU
		{943F3033-5878-40C0-AB53-1A2B9BF1B11D}.Debug|Any CPU.Build.0 = Debug|Any CPU
		{943F3033-5878-40C0-AB53-1A2B9BF1B11D}.Debug|iPhone.ActiveCfg = Debug|Any CPU
		{943F3033-5878-40C0-AB53-1A2B9BF1B11D}.Debug|iPhone.Build.0 = Debug|Any CPU
		{943F3033-5878-40C0-AB53-1A2B9BF1B11D}.Debug|iPhoneSimulator.ActiveCfg = Debug|Any CPU
		{943F3033-5878-40C0-AB53-1A2B9BF1B11D}.Debug|iPhoneSimulator.Build.0 = Debug|Any CPU
		{943F3033-5878-40C0-AB53-1A2B9BF1B11D}.Release|Any CPU.ActiveCfg = Release|Any CPU
		{943F3033-5878-40C0-AB53-1A2B9BF1B11D}.Release|Any CPU.Build.0 = Release|Any CPU
		{943F3033-5878-40C0-AB53-1A2B9BF1B11D}.Release|iPhone.ActiveCfg = Release|Any CPU
		{943F3033-5878-40C0-AB53-1A2B9BF1B11D}.Release|iPhone.Build.0 = Release|Any CPU
		{943F3033-5878-40C0-AB53-1A2B9BF1B11D}.Release|iPhoneSimulator.ActiveCfg = Release|Any CPU
		{943F3033-5878-40C0-AB53-1A2B9BF1B11D}.Release|iPhoneSimulator.Build.0 = Release|Any CPU
		{A7ABA532-8D78-4F0A-8A81-65315B036038}.Ad-Hoc|iPhone.ActiveCfg = Debug|Any CPU
		{A7ABA532-8D78-4F0A-8A81-65315B036038}.Ad-Hoc|iPhone.Build.0 = Debug|Any CPU
		{A7ABA532-8D78-4F0A-8A81-65315B036038}.Ad-Hoc|iPhone.Deploy.0 = Debug|Any CPU
		{A7ABA532-8D78-4F0A-8A81-65315B036038}.AppStore|iPhone.ActiveCfg = Debug|Any CPU
		{A7ABA532-8D78-4F0A-8A81-65315B036038}.AppStore|iPhone.Build.0 = Debug|Any CPU
		{A7ABA532-8D78-4F0A-8A81-65315B036038}.AppStore|iPhone.Deploy.0 = Debug|Any CPU
		{A7ABA532-8D78-4F0A-8A81-65315B036038}.Debug|Any CPU.ActiveCfg = Debug|Any CPU
		{A7ABA532-8D78-4F0A-8A81-65315B036038}.Debug|Any CPU.Build.0 = Debug|Any CPU
		{A7ABA532-8D78-4F0A-8A81-65315B036038}.Debug|Any CPU.Deploy.0 = Debug|Any CPU
		{A7ABA532-8D78-4F0A-8A81-65315B036038}.Debug|iPhone.ActiveCfg = Debug|Any CPU
		{A7ABA532-8D78-4F0A-8A81-65315B036038}.Debug|iPhone.Build.0 = Debug|Any CPU
		{A7ABA532-8D78-4F0A-8A81-65315B036038}.Debug|iPhone.Deploy.0 = Debug|Any CPU
		{A7ABA532-8D78-4F0A-8A81-65315B036038}.Debug|iPhoneSimulator.ActiveCfg = Debug|Any CPU
		{A7ABA532-8D78-4F0A-8A81-65315B036038}.Debug|iPhoneSimulator.Build.0 = Debug|Any CPU
		{A7ABA532-8D78-4F0A-8A81-65315B036038}.Debug|iPhoneSimulator.Deploy.0 = Debug|Any CPU
		{A7ABA532-8D78-4F0A-8A81-65315B036038}.Release|Any CPU.ActiveCfg = Release|Any CPU
		{A7ABA532-8D78-4F0A-8A81-65315B036038}.Release|Any CPU.Build.0 = Release|Any CPU
		{A7ABA532-8D78-4F0A-8A81-65315B036038}.Release|Any CPU.Deploy.0 = Release|Any CPU
		{A7ABA532-8D78-4F0A-8A81-65315B036038}.Release|iPhone.ActiveCfg = Release|Any CPU
		{A7ABA532-8D78-4F0A-8A81-65315B036038}.Release|iPhone.Build.0 = Release|Any CPU
		{A7ABA532-8D78-4F0A-8A81-65315B036038}.Release|iPhone.Deploy.0 = Release|Any CPU
		{A7ABA532-8D78-4F0A-8A81-65315B036038}.Release|iPhoneSimulator.ActiveCfg = Release|Any CPU
		{A7ABA532-8D78-4F0A-8A81-65315B036038}.Release|iPhoneSimulator.Build.0 = Release|Any CPU
		{A7ABA532-8D78-4F0A-8A81-65315B036038}.Release|iPhoneSimulator.Deploy.0 = Release|Any CPU
		{8B163988-7830-41F1-AA2F-9715BCEDFA16}.Ad-Hoc|iPhone.ActiveCfg = Ad-Hoc|iPhone
		{8B163988-7830-41F1-AA2F-9715BCEDFA16}.Ad-Hoc|iPhone.Build.0 = Ad-Hoc|iPhone
		{8B163988-7830-41F1-AA2F-9715BCEDFA16}.Ad-Hoc|iPhone.Deploy.0 = Ad-Hoc|iPhone
		{8B163988-7830-41F1-AA2F-9715BCEDFA16}.AppStore|iPhone.ActiveCfg = AppStore|iPhone
		{8B163988-7830-41F1-AA2F-9715BCEDFA16}.AppStore|iPhone.Build.0 = AppStore|iPhone
		{8B163988-7830-41F1-AA2F-9715BCEDFA16}.AppStore|iPhone.Deploy.0 = AppStore|iPhone
		{8B163988-7830-41F1-AA2F-9715BCEDFA16}.Debug|Any CPU.ActiveCfg = Debug|iPhoneSimulator
		{8B163988-7830-41F1-AA2F-9715BCEDFA16}.Debug|Any CPU.Build.0 = Debug|iPhoneSimulator
		{8B163988-7830-41F1-AA2F-9715BCEDFA16}.Debug|Any CPU.Deploy.0 = Debug|iPhoneSimulator
		{8B163988-7830-41F1-AA2F-9715BCEDFA16}.Debug|iPhone.ActiveCfg = Debug|iPhone
		{8B163988-7830-41F1-AA2F-9715BCEDFA16}.Debug|iPhone.Build.0 = Debug|iPhone
		{8B163988-7830-41F1-AA2F-9715BCEDFA16}.Debug|iPhone.Deploy.0 = Debug|iPhone
		{8B163988-7830-41F1-AA2F-9715BCEDFA16}.Debug|iPhoneSimulator.ActiveCfg = Debug|iPhoneSimulator
		{8B163988-7830-41F1-AA2F-9715BCEDFA16}.Debug|iPhoneSimulator.Build.0 = Debug|iPhoneSimulator
		{8B163988-7830-41F1-AA2F-9715BCEDFA16}.Debug|iPhoneSimulator.Deploy.0 = Debug|iPhoneSimulator
		{8B163988-7830-41F1-AA2F-9715BCEDFA16}.Release|Any CPU.ActiveCfg = Release|iPhoneSimulator
		{8B163988-7830-41F1-AA2F-9715BCEDFA16}.Release|Any CPU.Build.0 = Release|iPhoneSimulator
		{8B163988-7830-41F1-AA2F-9715BCEDFA16}.Release|Any CPU.Deploy.0 = Release|iPhoneSimulator
		{8B163988-7830-41F1-AA2F-9715BCEDFA16}.Release|iPhone.ActiveCfg = Release|iPhone
		{8B163988-7830-41F1-AA2F-9715BCEDFA16}.Release|iPhone.Build.0 = Release|iPhone
		{8B163988-7830-41F1-AA2F-9715BCEDFA16}.Release|iPhone.Deploy.0 = Release|iPhone
		{8B163988-7830-41F1-AA2F-9715BCEDFA16}.Release|iPhoneSimulator.ActiveCfg = Release|iPhoneSimulator
		{8B163988-7830-41F1-AA2F-9715BCEDFA16}.Release|iPhoneSimulator.Build.0 = Release|iPhoneSimulator
		{8B163988-7830-41F1-AA2F-9715BCEDFA16}.Release|iPhoneSimulator.Deploy.0 = Release|iPhoneSimulator
	EndGlobalSection
EndGlobal
